
Microsoft Visual Studio Solution File, Format Version 12.00
# Visual Studio Version 16
VisualStudioVersion = 16.0.30011.22
MinimumVisualStudioVersion = 10.0.40219.1
Project("{9A19103F-16F7-4668-BE54-9A1E7A4F7556}") = "[th]ThaoTacVoiMang", "[th]ThaoTacVoiMang\[th]ThaoTacVoiMang.csproj", "{B251BF98-080A-4961-A6A7-95326AB8670A}"
EndProject
Project("{9A19103F-16F7-4668-BE54-9A1E7A4F7556}") = "[th]TimGiaTriTrongMang", "[th]TimGiaTriTrongMang\[th]TimGiaTriTrongMang.csproj", "{0B4F4B3B-AC0F-42FD-978F-8A09E17D8BB2}"
EndProject
Project("{9A19103F-16F7-4668-BE54-9A1E7A4F7556}") = "[th]DaoNguocCacPhanTuCuaMang", "[th]DaoNguocCacPhanTuCuaMang\[th]DaoNguocCacPhanTuCuaMang.csproj", "{4BF2E5BC-9D8B-4412-84C0-5D801651A177}"
EndProject
Project("{FAE04EC0-301F-11D3-BF4B-00C04F79EFBC}") = "[th]ChuongTrinhChuyenDoiNhietDo", "[th]ChuongTrinhChuyenDoiNhietDo\[th]ChuongTrinhChuyenDoiNhietDo.csproj", "{4F6D0520-A5A3-4A2A-B93F-D57F30E28C6D}"
EndProject
Project("{FAE04EC0-301F-11D3-BF4B-00C04F79EFBC}") = "[th]TimGiaTriLonNhatTrongMang", "[th]TimGiaTriLonNhatTrongMang\[th]TimGiaTriLonNhatTrongMang.csproj", "{C6E1A843-115D-4209-A838-DA920FDB9DA2}"
EndProject
Global
	GlobalSection(SolutionConfigurationPlatforms) = preSolution
		Debug|Any CPU = Debug|Any CPU
		Release|Any CPU = Release|Any CPU
	EndGlobalSection
	GlobalSection(ProjectConfigurationPlatforms) = postSolution
		{B251BF98-080A-4961-A6A7-95326AB8670A}.Debug|Any CPU.ActiveCfg = Debug|Any CPU
		{B251BF98-080A-4961-A6A7-95326AB8670A}.Debug|Any CPU.Build.0 = Debug|Any CPU
		{B251BF98-080A-4961-A6A7-95326AB8670A}.Release|Any CPU.ActiveCfg = Release|Any CPU
		{B251BF98-080A-4961-A6A7-95326AB8670A}.Release|Any CPU.Build.0 = Release|Any CPU
		{0B4F4B3B-AC0F-42FD-978F-8A09E17D8BB2}.Debug|Any CPU.ActiveCfg = Debug|Any CPU
		{0B4F4B3B-AC0F-42FD-978F-8A09E17D8BB2}.Debug|Any CPU.Build.0 = Debug|Any CPU
		{0B4F4B3B-AC0F-42FD-978F-8A09E17D8BB2}.Release|Any CPU.ActiveCfg = Release|Any CPU
		{0B4F4B3B-AC0F-42FD-978F-8A09E17D8BB2}.Release|Any CPU.Build.0 = Release|Any CPU
		{4BF2E5BC-9D8B-4412-84C0-5D801651A177}.Debug|Any CPU.ActiveCfg = Debug|Any CPU
		{4BF2E5BC-9D8B-4412-84C0-5D801651A177}.Debug|Any CPU.Build.0 = Debug|Any CPU
		{4BF2E5BC-9D8B-4412-84C0-5D801651A177}.Release|Any CPU.ActiveCfg = Release|Any CPU
		{4BF2E5BC-9D8B-4412-84C0-5D801651A177}.Release|Any CPU.Build.0 = Release|Any CPU
		{4F6D0520-A5A3-4A2A-B93F-D57F30E28C6D}.Debug|Any CPU.ActiveCfg = Debug|Any CPU
		{4F6D0520-A5A3-4A2A-B93F-D57F30E28C6D}.Debug|Any CPU.Build.0 = Debug|Any CPU
		{4F6D0520-A5A3-4A2A-B93F-D57F30E28C6D}.Release|Any CPU.ActiveCfg = Release|Any CPU
		{4F6D0520-A5A3-4A2A-B93F-D57F30E28C6D}.Release|Any CPU.Build.0 = Release|Any CPU
		{C6E1A843-115D-4209-A838-DA920FDB9DA2}.Debug|Any CPU.ActiveCfg = Debug|Any CPU
		{C6E1A843-115D-4209-A838-DA920FDB9DA2}.Debug|Any CPU.Build.0 = Debug|Any CPU
		{C6E1A843-115D-4209-A838-DA920FDB9DA2}.Release|Any CPU.ActiveCfg = Release|Any CPU
		{C6E1A843-115D-4209-A838-DA920FDB9DA2}.Release|Any CPU.Build.0 = Release|Any CPU
	EndGlobalSection
	GlobalSection(SolutionProperties) = preSolution
		HideSolutionNode = FALSE
	EndGlobalSection
	GlobalSection(ExtensibilityGlobals) = postSolution
		SolutionGuid = {FB82A944-CC36-44C9-A330-06F81885DB59}
	EndGlobalSection
EndGlobal
