
Microsoft Visual Studio Solution File, Format Version 12.00
# Visual Studio Version 16
VisualStudioVersion = 16.0.30114.105
MinimumVisualStudioVersion = 10.0.40219.1
Project("{FAE04EC0-301F-11D3-BF4B-00C04F79EFBC}") = "ValidateEmail", "ValidateEmail\ValidateEmail.csproj", "{EE64A613-D230-412D-B50F-D40B0B6B1A3E}"
EndProject
Global
	GlobalSection(SolutionConfigurationPlatforms) = preSolution
		Debug|Any CPU = Debug|Any CPU
		Release|Any CPU = Release|Any CPU
	EndGlobalSection
	GlobalSection(ProjectConfigurationPlatforms) = postSolution
		{EE64A613-D230-412D-B50F-D40B0B6B1A3E}.Debug|Any CPU.ActiveCfg = Debug|Any CPU
		{EE64A613-D230-412D-B50F-D40B0B6B1A3E}.Debug|Any CPU.Build.0 = Debug|Any CPU
		{EE64A613-D230-412D-B50F-D40B0B6B1A3E}.Release|Any CPU.ActiveCfg = Release|Any CPU
		{EE64A613-D230-412D-B50F-D40B0B6B1A3E}.Release|Any CPU.Build.0 = Release|Any CPU
	EndGlobalSection
	GlobalSection(SolutionProperties) = preSolution
		HideSolutionNode = FALSE
	EndGlobalSection
	GlobalSection(ExtensibilityGlobals) = postSolution
		SolutionGuid = {DBAE2D73-92FC-4559-BF53-167DD4CD1CDE}
	EndGlobalSection
EndGlobal
