
Microsoft Visual Studio Solution File, Format Version 12.00
# Visual Studio Version 16
VisualStudioVersion = 16.0.30114.105
MinimumVisualStudioVersion = 10.0.40219.1
Project("{FAE04EC0-301F-11D3-BF4B-00C04F79EFBC}") = "ChuyenDoiThapPhanThanhNhiPhan", "ChuyenDoiThapPhanThanhNhiPhan\ChuyenDoiThapPhanThanhNhiPhan.csproj", "{12CE6BA9-49C6-480D-8270-7EB8B3604244}"
EndProject
Global
	GlobalSection(SolutionConfigurationPlatforms) = preSolution
		Debug|Any CPU = Debug|Any CPU
		Release|Any CPU = Release|Any CPU
	EndGlobalSection
	GlobalSection(ProjectConfigurationPlatforms) = postSolution
		{12CE6BA9-49C6-480D-8270-7EB8B3604244}.Debug|Any CPU.ActiveCfg = Debug|Any CPU
		{12CE6BA9-49C6-480D-8270-7EB8B3604244}.Debug|Any CPU.Build.0 = Debug|Any CPU
		{12CE6BA9-49C6-480D-8270-7EB8B3604244}.Release|Any CPU.ActiveCfg = Release|Any CPU
		{12CE6BA9-49C6-480D-8270-7EB8B3604244}.Release|Any CPU.Build.0 = Release|Any CPU
	EndGlobalSection
	GlobalSection(SolutionProperties) = preSolution
		HideSolutionNode = FALSE
	EndGlobalSection
	GlobalSection(ExtensibilityGlobals) = postSolution
		SolutionGuid = {4DBD3703-E403-4C18-BAA4-D2E2BB3AE9C2}
	EndGlobalSection
EndGlobal
