
Microsoft Visual Studio Solution File, Format Version 12.00
# Visual Studio Version 16
VisualStudioVersion = 16.0.30104.148
MinimumVisualStudioVersion = 10.0.40219.1
Project("{FAE04EC0-301F-11D3-BF4B-00C04F79EFBC}") = "PhanLoaiTamGiac", "PhanLoaiTamGiac\PhanLoaiTamGiac.csproj", "{6FAF13AE-4C85-4DF4-85A8-534A3D66890D}"
EndProject
Project("{FAE04EC0-301F-11D3-BF4B-00C04F79EFBC}") = "NUnitTestTamGiac", "NUnitTestTamGiac\NUnitTestTamGiac.csproj", "{58AF7A8A-8DC7-41D2-9F43-CEC96B00058D}"
EndProject
Global
	GlobalSection(SolutionConfigurationPlatforms) = preSolution
		Debug|Any CPU = Debug|Any CPU
		Release|Any CPU = Release|Any CPU
	EndGlobalSection
	GlobalSection(ProjectConfigurationPlatforms) = postSolution
		{6FAF13AE-4C85-4DF4-85A8-534A3D66890D}.Debug|Any CPU.ActiveCfg = Debug|Any CPU
		{6FAF13AE-4C85-4DF4-85A8-534A3D66890D}.Debug|Any CPU.Build.0 = Debug|Any CPU
		{6FAF13AE-4C85-4DF4-85A8-534A3D66890D}.Release|Any CPU.ActiveCfg = Release|Any CPU
		{6FAF13AE-4C85-4DF4-85A8-534A3D66890D}.Release|Any CPU.Build.0 = Release|Any CPU
		{58AF7A8A-8DC7-41D2-9F43-CEC96B00058D}.Debug|Any CPU.ActiveCfg = Debug|Any CPU
		{58AF7A8A-8DC7-41D2-9F43-CEC96B00058D}.Debug|Any CPU.Build.0 = Debug|Any CPU
		{58AF7A8A-8DC7-41D2-9F43-CEC96B00058D}.Release|Any CPU.ActiveCfg = Release|Any CPU
		{58AF7A8A-8DC7-41D2-9F43-CEC96B00058D}.Release|Any CPU.Build.0 = Release|Any CPU
	EndGlobalSection
	GlobalSection(SolutionProperties) = preSolution
		HideSolutionNode = FALSE
	EndGlobalSection
	GlobalSection(ExtensibilityGlobals) = postSolution
		SolutionGuid = {11FDC17C-33D0-4144-9EF2-9682EB7C6105}
	EndGlobalSection
EndGlobal
